# This file is automatically @generated by Cargo.
# It is not intended for manual editing.
version = 3

[[package]]
name = "datatypes"
version = "0.1.0"

[[package]]
name = "libc"
version = "0.2.101"
source = "registry+https://github.com/rust-lang/crates.io-index"
checksum = "3cb00336871be5ed2c8ed44b60ae9959dc5b9f08539422ed43f09e34ecaeba21"

[[package]]
name = "runtime"
version = "0.1.0"
dependencies = [
 "datatypes",
 "libc",
 "static_vcruntime",
]

[[package]]
name = "static_vcruntime"
version = "1.5.1"
source = "registry+https://github.com/rust-lang/crates.io-index"
checksum = "a88c15d6fe7210ea80c578b53855615fdea0188e1630b6d9c377e1b2f2c098fa"
